
Microsoft Visual Studio Solution File, Format Version 12.00
# Visual Studio Version 17
VisualStudioVersion = 17.10.34928.147
MinimumVisualStudioVersion = 10.0.40219.1
Project("{2150E333-8FDC-42A3-9474-1A3956D46DE8}") = "Services", "Services", "{B0B0081E-03A0-4325-B350-A0DD9BA901CB}"
EndProject
Project("{2150E333-8FDC-42A3-9474-1A3956D46DE8}") = "Catalog", "Catalog", "{ADF44B48-08D4-48D5-A783-41AAE6699D22}"
EndProject
Project("{9A19103F-16F7-4668-BE54-9A1E7A4F7556}") = "Catalog.API", "Services\Catalog\Catalog.API\Catalog.API.csproj", "{E99583B7-726B-44D8-B0D8-779591786F81}"
EndProject
Project("{2150E333-8FDC-42A3-9474-1A3956D46DE8}") = "BuildingBlocks", "BuildingBlocks", "{694E9AC1-4C7C-458F-9F5B-5E10CD646B47}"
EndProject
Project("{9A19103F-16F7-4668-BE54-9A1E7A4F7556}") = "BuildingBlocks", "BuildingBlocks\BuildingBlocks\BuildingBlocks.csproj", "{1AF0AC7E-C594-451D-9098-4E43A3B682A0}"
EndProject
Project("{E53339B2-1760-4266-BCC7-CA923CBCF16C}") = "docker-compose", "docker-compose.dcproj", "{AC5D5F2F-0668-42DE-A1C7-F3F82F59276C}"
EndProject
Project("{2150E333-8FDC-42A3-9474-1A3956D46DE8}") = "Basket", "Basket", "{AE37C290-AFB9-487F-930A-C7B0219F1A66}"
EndProject
Project("{9A19103F-16F7-4668-BE54-9A1E7A4F7556}") = "Basket.API", "Services\Basket\Basket.API\Basket.API.csproj", "{FD187A38-F8FC-445C-A1B0-213289645F9C}"
EndProject
Project("{2150E333-8FDC-42A3-9474-1A3956D46DE8}") = "Discount", "Discount", "{327708E4-FC0D-487F-88A5-5CB4E77FD9C9}"
EndProject
Project("{9A19103F-16F7-4668-BE54-9A1E7A4F7556}") = "Discount.Grpc", "Services\Discount\Discount.Grpc\Discount.Grpc.csproj", "{C71A3CEE-4A10-4064-B23E-63C30CFAC290}"
EndProject
Project("{2150E333-8FDC-42A3-9474-1A3956D46DE8}") = "Ordering", "Ordering", "{9686CB4B-A196-48FB-BD7A-E7CA683C50CD}"
EndProject
Project("{9A19103F-16F7-4668-BE54-9A1E7A4F7556}") = "Ordering.API", "Services\Ordering\Ordering.API\Ordering.API.csproj", "{C56DEF1C-0B9E-411A-BBE3-B53090CB6FFA}"
EndProject
Project("{9A19103F-16F7-4668-BE54-9A1E7A4F7556}") = "Ordering.Domain", "Services\Ordering\Ordering.Domain\Ordering.Domain.csproj", "{DD217A13-B124-4064-BE07-BC3AD12ED273}"
EndProject
Project("{9A19103F-16F7-4668-BE54-9A1E7A4F7556}") = "Ordering.Application", "Services\Ordering\Ordering.Application\Ordering.Application.csproj", "{EBB85745-ED09-485D-8082-60FC0AC5822D}"
EndProject
Project("{9A19103F-16F7-4668-BE54-9A1E7A4F7556}") = "Ordering.Infrastructure", "Services\Ordering\Ordering.Infrastructure\Ordering.Infrastructure.csproj", "{74D7C86D-7F7D-40D2-8CB7-42AB86E31108}"
EndProject
Project("{9A19103F-16F7-4668-BE54-9A1E7A4F7556}") = "BuildingBlocks.Messaging", "BuildingBlocks\BuildingBlocks.Messaging\BuildingBlocks.Messaging.csproj", "{0197B5C0-28BC-488A-AD20-E16CD126C864}"
EndProject
Project("{2150E333-8FDC-42A3-9474-1A3956D46DE8}") = "ApiGateways", "ApiGateways", "{DD27966D-C1EC-4DCF-B5DF-F3DDC060AF90}"
EndProject
Project("{2150E333-8FDC-42A3-9474-1A3956D46DE8}") = "WebApp", "WebApp", "{5EC28827-91EC-4223-BDCA-9F2D0E84E512}"
EndProject
Project("{9A19103F-16F7-4668-BE54-9A1E7A4F7556}") = "Shopping.Web", "WebApps\Shopping.Web\Shopping.Web.csproj", "{83D354BF-0AE6-461D-BD7C-483B3FFD7894}"
EndProject
Project("{2150E333-8FDC-42A3-9474-1A3956D46DE8}") = "Auth", "Auth", "{0F2CF1AD-DCBC-4350-9A95-3B3263ED63CB}"
EndProject
Project("{9A19103F-16F7-4668-BE54-9A1E7A4F7556}") = "Auth.API", "Services\Auth\Auth.API\Auth.API.csproj", "{20EDF0FC-B3AB-4AA7-8D63-BE76EEA39493}"
EndProject
Project("{2150E333-8FDC-42A3-9474-1A3956D46DE8}") = "Email", "Email", "{3354EDC5-10E7-48F7-A1EE-7AACC4374612}"
EndProject
Project("{9A19103F-16F7-4668-BE54-9A1E7A4F7556}") = "Email.API", "Services\Email\Email.API\Email.API.csproj", "{815A176B-BC0F-47D5-BC54-3AB1806762C0}"
EndProject
Project("{FAE04EC0-301F-11D3-BF4B-00C04F79EFBC}") = "YarpApiGateway", "ApiGateways\YarpApiGateway\YarpApiGateway.csproj", "{E3BF7DDE-E04E-4CD7-9975-D2C16CC6A6A9}"
EndProject
Global
	GlobalSection(SolutionConfigurationPlatforms) = preSolution
		Debug|Any CPU = Debug|Any CPU
		Release|Any CPU = Release|Any CPU
	EndGlobalSection
	GlobalSection(ProjectConfigurationPlatforms) = postSolution
		{E99583B7-726B-44D8-B0D8-779591786F81}.Debug|Any CPU.ActiveCfg = Debug|Any CPU
		{E99583B7-726B-44D8-B0D8-779591786F81}.Debug|Any CPU.Build.0 = Debug|Any CPU
		{E99583B7-726B-44D8-B0D8-779591786F81}.Release|Any CPU.ActiveCfg = Release|Any CPU
		{E99583B7-726B-44D8-B0D8-779591786F81}.Release|Any CPU.Build.0 = Release|Any CPU
		{1AF0AC7E-C594-451D-9098-4E43A3B682A0}.Debug|Any CPU.ActiveCfg = Debug|Any CPU
		{1AF0AC7E-C594-451D-9098-4E43A3B682A0}.Debug|Any CPU.Build.0 = Debug|Any CPU
		{1AF0AC7E-C594-451D-9098-4E43A3B682A0}.Release|Any CPU.ActiveCfg = Release|Any CPU
		{1AF0AC7E-C594-451D-9098-4E43A3B682A0}.Release|Any CPU.Build.0 = Release|Any CPU
		{AC5D5F2F-0668-42DE-A1C7-F3F82F59276C}.Debug|Any CPU.ActiveCfg = Debug|Any CPU
		{AC5D5F2F-0668-42DE-A1C7-F3F82F59276C}.Debug|Any CPU.Build.0 = Debug|Any CPU
		{AC5D5F2F-0668-42DE-A1C7-F3F82F59276C}.Release|Any CPU.ActiveCfg = Release|Any CPU
		{AC5D5F2F-0668-42DE-A1C7-F3F82F59276C}.Release|Any CPU.Build.0 = Release|Any CPU
		{FD187A38-F8FC-445C-A1B0-213289645F9C}.Debug|Any CPU.ActiveCfg = Debug|Any CPU
		{FD187A38-F8FC-445C-A1B0-213289645F9C}.Debug|Any CPU.Build.0 = Debug|Any CPU
		{FD187A38-F8FC-445C-A1B0-213289645F9C}.Release|Any CPU.ActiveCfg = Release|Any CPU
		{FD187A38-F8FC-445C-A1B0-213289645F9C}.Release|Any CPU.Build.0 = Release|Any CPU
		{C71A3CEE-4A10-4064-B23E-63C30CFAC290}.Debug|Any CPU.ActiveCfg = Debug|Any CPU
		{C71A3CEE-4A10-4064-B23E-63C30CFAC290}.Debug|Any CPU.Build.0 = Debug|Any CPU
		{C71A3CEE-4A10-4064-B23E-63C30CFAC290}.Release|Any CPU.ActiveCfg = Release|Any CPU
		{C71A3CEE-4A10-4064-B23E-63C30CFAC290}.Release|Any CPU.Build.0 = Release|Any CPU
		{C56DEF1C-0B9E-411A-BBE3-B53090CB6FFA}.Debug|Any CPU.ActiveCfg = Debug|Any CPU
		{C56DEF1C-0B9E-411A-BBE3-B53090CB6FFA}.Debug|Any CPU.Build.0 = Debug|Any CPU
		{C56DEF1C-0B9E-411A-BBE3-B53090CB6FFA}.Release|Any CPU.ActiveCfg = Release|Any CPU
		{C56DEF1C-0B9E-411A-BBE3-B53090CB6FFA}.Release|Any CPU.Build.0 = Release|Any CPU
		{DD217A13-B124-4064-BE07-BC3AD12ED273}.Debug|Any CPU.ActiveCfg = Debug|Any CPU
		{DD217A13-B124-4064-BE07-BC3AD12ED273}.Debug|Any CPU.Build.0 = Debug|Any CPU
		{DD217A13-B124-4064-BE07-BC3AD12ED273}.Release|Any CPU.ActiveCfg = Release|Any CPU
		{DD217A13-B124-4064-BE07-BC3AD12ED273}.Release|Any CPU.Build.0 = Release|Any CPU
		{EBB85745-ED09-485D-8082-60FC0AC5822D}.Debug|Any CPU.ActiveCfg = Debug|Any CPU
		{EBB85745-ED09-485D-8082-60FC0AC5822D}.Debug|Any CPU.Build.0 = Debug|Any CPU
		{EBB85745-ED09-485D-8082-60FC0AC5822D}.Release|Any CPU.ActiveCfg = Release|Any CPU
		{EBB85745-ED09-485D-8082-60FC0AC5822D}.Release|Any CPU.Build.0 = Release|Any CPU
		{74D7C86D-7F7D-40D2-8CB7-42AB86E31108}.Debug|Any CPU.ActiveCfg = Debug|Any CPU
		{74D7C86D-7F7D-40D2-8CB7-42AB86E31108}.Debug|Any CPU.Build.0 = Debug|Any CPU
		{74D7C86D-7F7D-40D2-8CB7-42AB86E31108}.Release|Any CPU.ActiveCfg = Release|Any CPU
		{74D7C86D-7F7D-40D2-8CB7-42AB86E31108}.Release|Any CPU.Build.0 = Release|Any CPU
		{0197B5C0-28BC-488A-AD20-E16CD126C864}.Debug|Any CPU.ActiveCfg = Debug|Any CPU
		{0197B5C0-28BC-488A-AD20-E16CD126C864}.Debug|Any CPU.Build.0 = Debug|Any CPU
		{0197B5C0-28BC-488A-AD20-E16CD126C864}.Release|Any CPU.ActiveCfg = Release|Any CPU
		{0197B5C0-28BC-488A-AD20-E16CD126C864}.Release|Any CPU.Build.0 = Release|Any CPU
		{83D354BF-0AE6-461D-BD7C-483B3FFD7894}.Debug|Any CPU.ActiveCfg = Debug|Any CPU
		{83D354BF-0AE6-461D-BD7C-483B3FFD7894}.Debug|Any CPU.Build.0 = Debug|Any CPU
		{83D354BF-0AE6-461D-BD7C-483B3FFD7894}.Release|Any CPU.ActiveCfg = Release|Any CPU
		{83D354BF-0AE6-461D-BD7C-483B3FFD7894}.Release|Any CPU.Build.0 = Release|Any CPU
		{20EDF0FC-B3AB-4AA7-8D63-BE76EEA39493}.Debug|Any CPU.ActiveCfg = Debug|Any CPU
		{20EDF0FC-B3AB-4AA7-8D63-BE76EEA39493}.Debug|Any CPU.Build.0 = Debug|Any CPU
		{20EDF0FC-B3AB-4AA7-8D63-BE76EEA39493}.Release|Any CPU.ActiveCfg = Release|Any CPU
		{20EDF0FC-B3AB-4AA7-8D63-BE76EEA39493}.Release|Any CPU.Build.0 = Release|Any CPU
		{815A176B-BC0F-47D5-BC54-3AB1806762C0}.Debug|Any CPU.ActiveCfg = Debug|Any CPU
		{815A176B-BC0F-47D5-BC54-3AB1806762C0}.Debug|Any CPU.Build.0 = Debug|Any CPU
		{815A176B-BC0F-47D5-BC54-3AB1806762C0}.Release|Any CPU.ActiveCfg = Release|Any CPU
		{815A176B-BC0F-47D5-BC54-3AB1806762C0}.Release|Any CPU.Build.0 = Release|Any CPU
		{E3BF7DDE-E04E-4CD7-9975-D2C16CC6A6A9}.Debug|Any CPU.ActiveCfg = Debug|Any CPU
		{E3BF7DDE-E04E-4CD7-9975-D2C16CC6A6A9}.Debug|Any CPU.Build.0 = Debug|Any CPU
		{E3BF7DDE-E04E-4CD7-9975-D2C16CC6A6A9}.Release|Any CPU.ActiveCfg = Release|Any CPU
		{E3BF7DDE-E04E-4CD7-9975-D2C16CC6A6A9}.Release|Any CPU.Build.0 = Release|Any CPU
	EndGlobalSection
	GlobalSection(SolutionProperties) = preSolution
		HideSolutionNode = FALSE
	EndGlobalSection
	GlobalSection(NestedProjects) = preSolution
		{ADF44B48-08D4-48D5-A783-41AAE6699D22} = {B0B0081E-03A0-4325-B350-A0DD9BA901CB}
		{E99583B7-726B-44D8-B0D8-779591786F81} = {ADF44B48-08D4-48D5-A783-41AAE6699D22}
		{1AF0AC7E-C594-451D-9098-4E43A3B682A0} = {694E9AC1-4C7C-458F-9F5B-5E10CD646B47}
		{AE37C290-AFB9-487F-930A-C7B0219F1A66} = {B0B0081E-03A0-4325-B350-A0DD9BA901CB}
		{FD187A38-F8FC-445C-A1B0-213289645F9C} = {AE37C290-AFB9-487F-930A-C7B0219F1A66}
		{327708E4-FC0D-487F-88A5-5CB4E77FD9C9} = {B0B0081E-03A0-4325-B350-A0DD9BA901CB}
		{C71A3CEE-4A10-4064-B23E-63C30CFAC290} = {327708E4-FC0D-487F-88A5-5CB4E77FD9C9}
		{9686CB4B-A196-48FB-BD7A-E7CA683C50CD} = {B0B0081E-03A0-4325-B350-A0DD9BA901CB}
		{C56DEF1C-0B9E-411A-BBE3-B53090CB6FFA} = {9686CB4B-A196-48FB-BD7A-E7CA683C50CD}
		{DD217A13-B124-4064-BE07-BC3AD12ED273} = {9686CB4B-A196-48FB-BD7A-E7CA683C50CD}
		{EBB85745-ED09-485D-8082-60FC0AC5822D} = {9686CB4B-A196-48FB-BD7A-E7CA683C50CD}
		{74D7C86D-7F7D-40D2-8CB7-42AB86E31108} = {9686CB4B-A196-48FB-BD7A-E7CA683C50CD}
		{0197B5C0-28BC-488A-AD20-E16CD126C864} = {694E9AC1-4C7C-458F-9F5B-5E10CD646B47}
		{83D354BF-0AE6-461D-BD7C-483B3FFD7894} = {5EC28827-91EC-4223-BDCA-9F2D0E84E512}
		{0F2CF1AD-DCBC-4350-9A95-3B3263ED63CB} = {B0B0081E-03A0-4325-B350-A0DD9BA901CB}
		{20EDF0FC-B3AB-4AA7-8D63-BE76EEA39493} = {0F2CF1AD-DCBC-4350-9A95-3B3263ED63CB}
		{3354EDC5-10E7-48F7-A1EE-7AACC4374612} = {B0B0081E-03A0-4325-B350-A0DD9BA901CB}
		{815A176B-BC0F-47D5-BC54-3AB1806762C0} = {3354EDC5-10E7-48F7-A1EE-7AACC4374612}
		{E3BF7DDE-E04E-4CD7-9975-D2C16CC6A6A9} = {DD27966D-C1EC-4DCF-B5DF-F3DDC060AF90}
	EndGlobalSection
	GlobalSection(ExtensibilityGlobals) = postSolution
		SolutionGuid = {18126A9B-404A-4954-BAA6-B9BD2E6AC8D3}
	EndGlobalSection
EndGlobal
